
Microsoft Visual Studio Solution File, Format Version 12.00
# Visual Studio Version 17
VisualStudioVersion = 17.10.35122.118
MinimumVisualStudioVersion = 10.0.40219.1
Project("{9A19103F-16F7-4668-BE54-9A1E7A4F7556}") = "UI", "UI\UI.csproj", "{468F5FE9-9D91-4B42-BBAB-6519CC384B83}"
EndProject
Project("{9A19103F-16F7-4668-BE54-9A1E7A4F7556}") = "BLL", "BLL\BLL.csproj", "{231D34A5-58B1-4EDD-9E1F-A78D7BD0CD0E}"
EndProject
Project("{9A19103F-16F7-4668-BE54-9A1E7A4F7556}") = "DAL", "DAL\DAL.csproj", "{6534389E-7540-4E69-BCFC-233A66632035}"
EndProject
Project("{9A19103F-16F7-4668-BE54-9A1E7A4F7556}") = "Entities", "Entities\Entities.csproj", "{6C79C6C6-E094-49FC-B3D0-E12A79D45B1D}"
EndProject
Project("{FAE04EC0-301F-11D3-BF4B-00C04F79EFBC}") = "Mapper", "Mapper\Mapper.csproj", "{A126BB59-D680-4E27-B294-52400CD08BB6}"
EndProject
Global
	GlobalSection(SolutionConfigurationPlatforms) = preSolution
		Debug|Any CPU = Debug|Any CPU
		Release|Any CPU = Release|Any CPU
	EndGlobalSection
	GlobalSection(ProjectConfigurationPlatforms) = postSolution
		{468F5FE9-9D91-4B42-BBAB-6519CC384B83}.Debug|Any CPU.ActiveCfg = Debug|Any CPU
		{468F5FE9-9D91-4B42-BBAB-6519CC384B83}.Debug|Any CPU.Build.0 = Debug|Any CPU
		{468F5FE9-9D91-4B42-BBAB-6519CC384B83}.Release|Any CPU.ActiveCfg = Release|Any CPU
		{468F5FE9-9D91-4B42-BBAB-6519CC384B83}.Release|Any CPU.Build.0 = Release|Any CPU
		{231D34A5-58B1-4EDD-9E1F-A78D7BD0CD0E}.Debug|Any CPU.ActiveCfg = Debug|Any CPU
		{231D34A5-58B1-4EDD-9E1F-A78D7BD0CD0E}.Debug|Any CPU.Build.0 = Debug|Any CPU
		{231D34A5-58B1-4EDD-9E1F-A78D7BD0CD0E}.Release|Any CPU.ActiveCfg = Release|Any CPU
		{231D34A5-58B1-4EDD-9E1F-A78D7BD0CD0E}.Release|Any CPU.Build.0 = Release|Any CPU
		{6534389E-7540-4E69-BCFC-233A66632035}.Debug|Any CPU.ActiveCfg = Debug|Any CPU
		{6534389E-7540-4E69-BCFC-233A66632035}.Debug|Any CPU.Build.0 = Debug|Any CPU
		{6534389E-7540-4E69-BCFC-233A66632035}.Release|Any CPU.ActiveCfg = Release|Any CPU
		{6534389E-7540-4E69-BCFC-233A66632035}.Release|Any CPU.Build.0 = Release|Any CPU
		{6C79C6C6-E094-49FC-B3D0-E12A79D45B1D}.Debug|Any CPU.ActiveCfg = Debug|Any CPU
		{6C79C6C6-E094-49FC-B3D0-E12A79D45B1D}.Debug|Any CPU.Build.0 = Debug|Any CPU
		{6C79C6C6-E094-49FC-B3D0-E12A79D45B1D}.Release|Any CPU.ActiveCfg = Release|Any CPU
		{6C79C6C6-E094-49FC-B3D0-E12A79D45B1D}.Release|Any CPU.Build.0 = Release|Any CPU
		{A126BB59-D680-4E27-B294-52400CD08BB6}.Debug|Any CPU.ActiveCfg = Debug|Any CPU
		{A126BB59-D680-4E27-B294-52400CD08BB6}.Debug|Any CPU.Build.0 = Debug|Any CPU
		{A126BB59-D680-4E27-B294-52400CD08BB6}.Release|Any CPU.ActiveCfg = Release|Any CPU
		{A126BB59-D680-4E27-B294-52400CD08BB6}.Release|Any CPU.Build.0 = Release|Any CPU
	EndGlobalSection
	GlobalSection(SolutionProperties) = preSolution
		HideSolutionNode = FALSE
	EndGlobalSection
	GlobalSection(ExtensibilityGlobals) = postSolution
		SolutionGuid = {C13093D1-5673-4B80-BC14-D88D700C234D}
	EndGlobalSection
EndGlobal
