
Microsoft Visual Studio Solution File, Format Version 12.00
# Visual Studio Version 17
VisualStudioVersion = 17.11.35303.130
MinimumVisualStudioVersion = 10.0.40219.1
Project("{9A19103F-16F7-4668-BE54-9A1E7A4F7556}") = "UI", "UI\UI.csproj", "{DFFD9D01-C991-4939-A5AD-816BC7F10683}"
EndProject
Project("{FAE04EC0-301F-11D3-BF4B-00C04F79EFBC}") = "BLL", "BLL\BLL.csproj", "{14856562-47B3-4572-B561-C29927C0CAC7}"
EndProject
Project("{FAE04EC0-301F-11D3-BF4B-00C04F79EFBC}") = "DAL", "DAL\DAL.csproj", "{54E84ECE-B325-445C-B142-0E3EB00D8E86}"
EndProject
Project("{FAE04EC0-301F-11D3-BF4B-00C04F79EFBC}") = "Entity", "Entity\Entity.csproj", "{AAF9FEA6-03DB-40E9-BB4E-C42F4B89A3C0}"
EndProject
Project("{FAE04EC0-301F-11D3-BF4B-00C04F79EFBC}") = "Mapper", "Mapper\Mapper.csproj", "{CF24C4C3-74F8-453F-8F7F-A467E200DB05}"
EndProject
Global
	GlobalSection(SolutionConfigurationPlatforms) = preSolution
		Debug|Any CPU = Debug|Any CPU
		Release|Any CPU = Release|Any CPU
	EndGlobalSection
	GlobalSection(ProjectConfigurationPlatforms) = postSolution
		{DFFD9D01-C991-4939-A5AD-816BC7F10683}.Debug|Any CPU.ActiveCfg = Debug|Any CPU
		{DFFD9D01-C991-4939-A5AD-816BC7F10683}.Debug|Any CPU.Build.0 = Debug|Any CPU
		{DFFD9D01-C991-4939-A5AD-816BC7F10683}.Release|Any CPU.ActiveCfg = Release|Any CPU
		{DFFD9D01-C991-4939-A5AD-816BC7F10683}.Release|Any CPU.Build.0 = Release|Any CPU
		{14856562-47B3-4572-B561-C29927C0CAC7}.Debug|Any CPU.ActiveCfg = Debug|Any CPU
		{14856562-47B3-4572-B561-C29927C0CAC7}.Debug|Any CPU.Build.0 = Debug|Any CPU
		{14856562-47B3-4572-B561-C29927C0CAC7}.Release|Any CPU.ActiveCfg = Release|Any CPU
		{14856562-47B3-4572-B561-C29927C0CAC7}.Release|Any CPU.Build.0 = Release|Any CPU
		{54E84ECE-B325-445C-B142-0E3EB00D8E86}.Debug|Any CPU.ActiveCfg = Debug|Any CPU
		{54E84ECE-B325-445C-B142-0E3EB00D8E86}.Debug|Any CPU.Build.0 = Debug|Any CPU
		{54E84ECE-B325-445C-B142-0E3EB00D8E86}.Release|Any CPU.ActiveCfg = Release|Any CPU
		{54E84ECE-B325-445C-B142-0E3EB00D8E86}.Release|Any CPU.Build.0 = Release|Any CPU
		{AAF9FEA6-03DB-40E9-BB4E-C42F4B89A3C0}.Debug|Any CPU.ActiveCfg = Debug|Any CPU
		{AAF9FEA6-03DB-40E9-BB4E-C42F4B89A3C0}.Debug|Any CPU.Build.0 = Debug|Any CPU
		{AAF9FEA6-03DB-40E9-BB4E-C42F4B89A3C0}.Release|Any CPU.ActiveCfg = Release|Any CPU
		{AAF9FEA6-03DB-40E9-BB4E-C42F4B89A3C0}.Release|Any CPU.Build.0 = Release|Any CPU
		{CF24C4C3-74F8-453F-8F7F-A467E200DB05}.Debug|Any CPU.ActiveCfg = Debug|Any CPU
		{CF24C4C3-74F8-453F-8F7F-A467E200DB05}.Debug|Any CPU.Build.0 = Debug|Any CPU
		{CF24C4C3-74F8-453F-8F7F-A467E200DB05}.Release|Any CPU.ActiveCfg = Release|Any CPU
		{CF24C4C3-74F8-453F-8F7F-A467E200DB05}.Release|Any CPU.Build.0 = Release|Any CPU
	EndGlobalSection
	GlobalSection(SolutionProperties) = preSolution
		HideSolutionNode = FALSE
	EndGlobalSection
	GlobalSection(ExtensibilityGlobals) = postSolution
		SolutionGuid = {C10AA133-CC45-4C4C-AA21-705600157647}
	EndGlobalSection
EndGlobal
